
Microsoft Visual Studio Solution File, Format Version 12.00
# Visual Studio 14
VisualStudioVersion = 14.0.25123.0
MinimumVisualStudioVersion = 10.0.40219.1
Project("{2150E333-8FDC-42A3-9474-1A3956D46DE8}") = "Ameinfo.Data", "Ameinfo.Data", "{BA5EA2D3-5351-4424-B193-4BF2935A5114}"
EndProject
Project("{2150E333-8FDC-42A3-9474-1A3956D46DE8}") = "Ameinfo.Framework", "Ameinfo.Framework", "{D6C1878F-4801-4364-A636-2E8583F46CB9}"
EndProject
Project("{2150E333-8FDC-42A3-9474-1A3956D46DE8}") = "Ameinfo.Sevice", "Ameinfo.Sevice", "{A5166FC6-F4D8-48DB-9454-8075B937D0E3}"
EndProject
Project("{2150E333-8FDC-42A3-9474-1A3956D46DE8}") = "Ameinfo.Business", "Ameinfo.Business", "{1946C7A2-4A8A-4A6E-B571-7CD21EBB9DD9}"
EndProject
Project("{FAE04EC0-301F-11D3-BF4B-00C04F79EFBC}") = "ConsoleApplication1", "ConsoleApplication1\ConsoleApplication1.csproj", "{FC50CF2E-FEFF-40BB-8441-B0DF800BA2B6}"
EndProject
Project("{FAE04EC0-301F-11D3-BF4B-00C04F79EFBC}") = "Ameinfo.Business.BLL", "Ameinfo.Business.BLL\Ameinfo.Business.BLL.csproj", "{42801DB6-5C9E-4245-A6D6-8AAA4C23A7F7}"
EndProject
Project("{FAE04EC0-301F-11D3-BF4B-00C04F79EFBC}") = "Ameinfo.Business.IBLL", "Ameinfo.Business.IBLL\Ameinfo.Business.IBLL.csproj", "{D6F6E088-1D57-4331-A013-FA732FC7B509}"
EndProject
Project("{FAE04EC0-301F-11D3-BF4B-00C04F79EFBC}") = "Ameinfo.Framework", "Ameinfo.Framework\Ameinfo.Framework.csproj", "{DC21BEDC-8441-4788-B996-A47864E33AA4}"
EndProject
Global
	GlobalSection(SolutionConfigurationPlatforms) = preSolution
		Debug|Any CPU = Debug|Any CPU
		Debug|Mixed Platforms = Debug|Mixed Platforms
		Debug|x86 = Debug|x86
		Release|Any CPU = Release|Any CPU
		Release|Mixed Platforms = Release|Mixed Platforms
		Release|x86 = Release|x86
	EndGlobalSection
	GlobalSection(ProjectConfigurationPlatforms) = postSolution
		{FC50CF2E-FEFF-40BB-8441-B0DF800BA2B6}.Debug|Any CPU.ActiveCfg = Debug|Any CPU
		{FC50CF2E-FEFF-40BB-8441-B0DF800BA2B6}.Debug|Any CPU.Build.0 = Debug|Any CPU
		{FC50CF2E-FEFF-40BB-8441-B0DF800BA2B6}.Debug|Mixed Platforms.ActiveCfg = Debug|Any CPU
		{FC50CF2E-FEFF-40BB-8441-B0DF800BA2B6}.Debug|Mixed Platforms.Build.0 = Debug|Any CPU
		{FC50CF2E-FEFF-40BB-8441-B0DF800BA2B6}.Debug|x86.ActiveCfg = Debug|Any CPU
		{FC50CF2E-FEFF-40BB-8441-B0DF800BA2B6}.Release|Any CPU.ActiveCfg = Release|Any CPU
		{FC50CF2E-FEFF-40BB-8441-B0DF800BA2B6}.Release|Any CPU.Build.0 = Release|Any CPU
		{FC50CF2E-FEFF-40BB-8441-B0DF800BA2B6}.Release|Mixed Platforms.ActiveCfg = Release|Any CPU
		{FC50CF2E-FEFF-40BB-8441-B0DF800BA2B6}.Release|Mixed Platforms.Build.0 = Release|Any CPU
		{FC50CF2E-FEFF-40BB-8441-B0DF800BA2B6}.Release|x86.ActiveCfg = Release|Any CPU
		{FC50CF2E-FEFF-40BB-8441-B0DF800BA2B6}.Release|x86.Build.0 = Release|Any CPU
		{42801DB6-5C9E-4245-A6D6-8AAA4C23A7F7}.Debug|Any CPU.ActiveCfg = Debug|Any CPU
		{42801DB6-5C9E-4245-A6D6-8AAA4C23A7F7}.Debug|Any CPU.Build.0 = Debug|Any CPU
		{42801DB6-5C9E-4245-A6D6-8AAA4C23A7F7}.Debug|Mixed Platforms.ActiveCfg = Debug|Any CPU
		{42801DB6-5C9E-4245-A6D6-8AAA4C23A7F7}.Debug|Mixed Platforms.Build.0 = Debug|Any CPU
		{42801DB6-5C9E-4245-A6D6-8AAA4C23A7F7}.Debug|x86.ActiveCfg = Debug|Any CPU
		{42801DB6-5C9E-4245-A6D6-8AAA4C23A7F7}.Debug|x86.Build.0 = Debug|Any CPU
		{42801DB6-5C9E-4245-A6D6-8AAA4C23A7F7}.Release|Any CPU.ActiveCfg = Release|Any CPU
		{42801DB6-5C9E-4245-A6D6-8AAA4C23A7F7}.Release|Any CPU.Build.0 = Release|Any CPU
		{42801DB6-5C9E-4245-A6D6-8AAA4C23A7F7}.Release|Mixed Platforms.ActiveCfg = Release|Any CPU
		{42801DB6-5C9E-4245-A6D6-8AAA4C23A7F7}.Release|Mixed Platforms.Build.0 = Release|Any CPU
		{42801DB6-5C9E-4245-A6D6-8AAA4C23A7F7}.Release|x86.ActiveCfg = Release|Any CPU
		{42801DB6-5C9E-4245-A6D6-8AAA4C23A7F7}.Release|x86.Build.0 = Release|Any CPU
		{D6F6E088-1D57-4331-A013-FA732FC7B509}.Debug|Any CPU.ActiveCfg = Debug|Any CPU
		{D6F6E088-1D57-4331-A013-FA732FC7B509}.Debug|Any CPU.Build.0 = Debug|Any CPU
		{D6F6E088-1D57-4331-A013-FA732FC7B509}.Debug|Mixed Platforms.ActiveCfg = Debug|Any CPU
		{D6F6E088-1D57-4331-A013-FA732FC7B509}.Debug|Mixed Platforms.Build.0 = Debug|Any CPU
		{D6F6E088-1D57-4331-A013-FA732FC7B509}.Debug|x86.ActiveCfg = Debug|Any CPU
		{D6F6E088-1D57-4331-A013-FA732FC7B509}.Debug|x86.Build.0 = Debug|Any CPU
		{D6F6E088-1D57-4331-A013-FA732FC7B509}.Release|Any CPU.ActiveCfg = Release|Any CPU
		{D6F6E088-1D57-4331-A013-FA732FC7B509}.Release|Any CPU.Build.0 = Release|Any CPU
		{D6F6E088-1D57-4331-A013-FA732FC7B509}.Release|Mixed Platforms.ActiveCfg = Release|Any CPU
		{D6F6E088-1D57-4331-A013-FA732FC7B509}.Release|Mixed Platforms.Build.0 = Release|Any CPU
		{D6F6E088-1D57-4331-A013-FA732FC7B509}.Release|x86.ActiveCfg = Release|Any CPU
		{D6F6E088-1D57-4331-A013-FA732FC7B509}.Release|x86.Build.0 = Release|Any CPU
		{DC21BEDC-8441-4788-B996-A47864E33AA4}.Debug|Any CPU.ActiveCfg = Debug|Any CPU
		{DC21BEDC-8441-4788-B996-A47864E33AA4}.Debug|Any CPU.Build.0 = Debug|Any CPU
		{DC21BEDC-8441-4788-B996-A47864E33AA4}.Debug|Mixed Platforms.ActiveCfg = Debug|Any CPU
		{DC21BEDC-8441-4788-B996-A47864E33AA4}.Debug|Mixed Platforms.Build.0 = Debug|Any CPU
		{DC21BEDC-8441-4788-B996-A47864E33AA4}.Debug|x86.ActiveCfg = Debug|Any CPU
		{DC21BEDC-8441-4788-B996-A47864E33AA4}.Debug|x86.Build.0 = Debug|Any CPU
		{DC21BEDC-8441-4788-B996-A47864E33AA4}.Release|Any CPU.ActiveCfg = Release|Any CPU
		{DC21BEDC-8441-4788-B996-A47864E33AA4}.Release|Any CPU.Build.0 = Release|Any CPU
		{DC21BEDC-8441-4788-B996-A47864E33AA4}.Release|Mixed Platforms.ActiveCfg = Release|Any CPU
		{DC21BEDC-8441-4788-B996-A47864E33AA4}.Release|Mixed Platforms.Build.0 = Release|Any CPU
		{DC21BEDC-8441-4788-B996-A47864E33AA4}.Release|x86.ActiveCfg = Release|Any CPU
		{DC21BEDC-8441-4788-B996-A47864E33AA4}.Release|x86.Build.0 = Release|Any CPU
	EndGlobalSection
	GlobalSection(SolutionProperties) = preSolution
		HideSolutionNode = FALSE
	EndGlobalSection
	GlobalSection(NestedProjects) = preSolution
		{42801DB6-5C9E-4245-A6D6-8AAA4C23A7F7} = {1946C7A2-4A8A-4A6E-B571-7CD21EBB9DD9}
		{D6F6E088-1D57-4331-A013-FA732FC7B509} = {1946C7A2-4A8A-4A6E-B571-7CD21EBB9DD9}
		{DC21BEDC-8441-4788-B996-A47864E33AA4} = {D6C1878F-4801-4364-A636-2E8583F46CB9}
	EndGlobalSection
EndGlobal
